// !$*UTF8*$!
{
	archiveVersion = 1;
	classes = {
	};
	objectVersion = 50;
	objects = {

/* Begin PBXBuildFile section */
		3EDF55B7207E9F1A0079BBCF /* AppDelegate.swift in Sources */ = {isa = PBXBuildFile; fileRef = 3EDF55B6207E9F1A0079BBCF /* AppDelegate.swift */; };
		3EDF55B9207E9F1A0079BBCF /* ViewController.swift in Sources */ = {isa = PBXBuildFile; fileRef = 3EDF55B8207E9F1A0079BBCF /* ViewController.swift */; };
		3EDF55BC207E9F1A0079BBCF /* Main.storyboard in Resources */ = {isa = PBXBuildFile; fileRef = 3EDF55BA207E9F1A0079BBCF /* Main.storyboard */; };
		3EDF55BF207E9F1A0079BBCF /* Project.xcdatamodeld in Sources */ = {isa = PBXBuildFile; fileRef = 3EDF55BD207E9F1A0079BBCF /* Project.xcdatamodeld */; };
		3EDF55C1207E9F200079BBCF /* Assets.xcassets in Resources */ = {isa = PBXBuildFile; fileRef = 3EDF55C0207E9F200079BBCF /* Assets.xcassets */; };
		3EDF55C4207E9F200079BBCF /* LaunchScreen.storyboard in Resources */ = {isa = PBXBuildFile; fileRef = 3EDF55C2207E9F200079BBCF /* LaunchScreen.storyboard */; };
		3EDF55CF207E9F210079BBCF /* ProjectTests.swift in Sources */ = {isa = PBXBuildFile; fileRef = 3EDF55CE207E9F210079BBCF /* ProjectTests.swift */; };
		3EDF55DA207E9F210079BBCF /* ProjectUITests.swift in Sources */ = {isa = PBXBuildFile; fileRef = 3EDF55D9207E9F210079BBCF /* ProjectUITests.swift */; };
/* End PBXBuildFile section */

/* Begin PBXContainerItemProxy section */
		3EDF55CB207E9F210079BBCF /* PBXContainerItemProxy */ = {
			isa = PBXContainerItemProxy;
			containerPortal = 3EDF55AB207E9F1A0079BBCF /* Project object */;
			proxyType = 1;
			remoteGlobalIDString = 3EDF55B2207E9F1A0079BBCF;
			remoteInfo = Project;
		};
		3EDF55D6207E9F210079BBCF /* PBXContainerItemProxy */ = {
			isa = PBXContainerItemProxy;
			containerPortal = 3EDF55AB207E9F1A0079BBCF /* Project object */;
			proxyType = 1;
			remoteGlobalIDString = 3EDF55B2207E9F1A0079BBCF;
			remoteInfo = Project;
		};
/* End PBXContainerItemProxy section */

/* Begin PBXFileReference section */
		3EDF55B3207E9F1A0079BBCF /* Project.app */ = {isa = PBXFileReference; explicitFileType = wrapper.application; includeInIndex = 0; path = Project.app; sourceTree = BUILT_PRODUCTS_DIR; };
		3EDF55B6207E9F1A0079BBCF /* AppDelegate.swift */ = {isa = PBXFileReference; lastKnownFileType = sourcecode.swift; path = AppDelegate.swift; sourceTree = "<group>"; };
		3EDF55B8207E9F1A0079BBCF /* ViewController.swift */ = {isa = PBXFileReference; lastKnownFileType = sourcecode.swift; path = ViewController.swift; sourceTree = "<group>"; };
		3EDF55BB207E9F1A0079BBCF /* Base */ = {isa = PBXFileReference; lastKnownFileType = file.storyboard; name = Base; path = Base.lproj/Main.storyboard; sourceTree = "<group>"; };
		3EDF55BE207E9F1A0079BBCF /* Project.xcdatamodel */ = {isa = PBXFileReference; lastKnownFileType = wrapper.xcdatamodel; path = Project.xcdatamodel; sourceTree = "<group>"; };
		3EDF55C0207E9F200079BBCF /* Assets.xcassets */ = {isa = PBXFileReference; lastKnownFileType = folder.assetcatalog; path = Assets.xcassets; sourceTree = "<group>"; };
		3EDF55C3207E9F200079BBCF /* Base */ = {isa = PBXFileReference; lastKnownFileType = file.storyboard; name = Base; path = Base.lproj/LaunchScreen.storyboard; sourceTree = "<group>"; };
		3EDF55C5207E9F200079BBCF /* Info.plist */ = {isa = PBXFileReference; lastKnownFileType = text.plist.xml; path = Info.plist; sourceTree = "<group>"; };
		3EDF55CA207E9F210079BBCF /* ProjectTests.xctest */ = {isa = PBXFileReference; explicitFileType = wrapper.cfbundle; includeInIndex = 0; path = ProjectTests.xctest; sourceTree = BUILT_PRODUCTS_DIR; };
		3EDF55CE207E9F210079BBCF /* ProjectTests.swift */ = {isa = PBXFileReference; lastKnownFileType = sourcecode.swift; path = ProjectTests.swift; sourceTree = "<group>"; };
		3EDF55D0207E9F210079BBCF /* Info.plist */ = {isa = PBXFileReference; lastKnownFileType = text.plist.xml; path = Info.plist; sourceTree = "<group>"; };
		3EDF55D5207E9F210079BBCF /* ProjectUITests.xctest */ = {isa = PBXFileReference; explicitFileType = wrapper.cfbundle; includeInIndex = 0; path = ProjectUITests.xctest; sourceTree = BUILT_PRODUCTS_DIR; };
		3EDF55D9207E9F210079BBCF /* ProjectUITests.swift */ = {isa = PBXFileReference; lastKnownFileType = sourcecode.swift; path = ProjectUITests.swift; sourceTree = "<group>"; };
		3EDF55DB207E9F210079BBCF /* Info.plist */ = {isa = PBXFileReference; lastKnownFileType = text.plist.xml; path = Info.plist; sourceTree = "<group>"; };
/* End PBXFileReference section */

/* Begin PBXFrameworksBuildPhase section */
		3EDF55B0207E9F1A0079BBCF /* Frameworks */ = {
			isa = PBXFrameworksBuildPhase;
			buildActionMask = 2147483647;
			files = (
			);
			runOnlyForDeploymentPostprocessing = 0;
		};
		3EDF55C7207E9F210079BBCF /* Frameworks */ = {
			isa = PBXFrameworksBuildPhase;
			buildActionMask = 2147483647;
			files = (
			);
			runOnlyForDeploymentPostprocessing = 0;
		};
		3EDF55D2207E9F210079BBCF /* Frameworks */ = {
			isa = PBXFrameworksBuildPhase;
			buildActionMask = 2147483647;
			files = (
			);
			runOnlyForDeploymentPostprocessing = 0;
		};
/* End PBXFrameworksBuildPhase section */

/* Begin PBXGroup section */
		3EDF55AA207E9F1A0079BBCF = {
			isa = PBXGroup;
			children = (
				3EDF55B5207E9F1A0079BBCF /* Project */,
				3EDF55CD207E9F210079BBCF /* ProjectTests */,
				3EDF55D8207E9F210079BBCF /* ProjectUITests */,
				3EDF55B4207E9F1A0079BBCF /* Products */,
			);
			sourceTree = "<group>";
		};
		3EDF55B4207E9F1A0079BBCF /* Products */ = {
			isa = PBXGroup;
			children = (
				3EDF55B3207E9F1A0079BBCF /* Project.app */,
				3EDF55CA207E9F210079BBCF /* ProjectTests.xctest */,
				3EDF55D5207E9F210079BBCF /* ProjectUITests.xctest */,
			);
			name = Products;
			sourceTree = "<group>";
		};
		3EDF55B5207E9F1A0079BBCF /* Project */ = {
			isa = PBXGroup;
			children = (
				3EDF55B6207E9F1A0079BBCF /* AppDelegate.swift */,
				3EDF55B8207E9F1A0079BBCF /* ViewController.swift */,
				3EDF55BA207E9F1A0079BBCF /* Main.storyboard */,
				3EDF55C0207E9F200079BBCF /* Assets.xcassets */,
				3EDF55C2207E9F200079BBCF /* LaunchScreen.storyboard */,
				3EDF55C5207E9F200079BBCF /* Info.plist */,
				3EDF55BD207E9F1A0079BBCF /* Project.xcdatamodeld */,
			);
			path = Project;
			sourceTree = "<group>";
		};
		3EDF55CD207E9F210079BBCF /* ProjectTests */ = {
			isa = PBXGroup;
			children = (
				3EDF55CE207E9F210079BBCF /* ProjectTests.swift */,
				3EDF55D0207E9F210079BBCF /* Info.plist */,
			);
			path = ProjectTests;
			sourceTree = "<group>";
		};
		3EDF55D8207E9F210079BBCF /* ProjectUITests */ = {
			isa = PBXGroup;
			children = (
				3EDF55D9207E9F210079BBCF /* ProjectUITests.swift */,
				3EDF55DB207E9F210079BBCF /* Info.plist */,
			);
			path = ProjectUITests;
			sourceTree = "<group>";
		};
/* End PBXGroup section */

/* Begin PBXNativeTarget section */
		3EDF55B2207E9F1A0079BBCF /* Project */ = {
			isa = PBXNativeTarget;
			buildConfigurationList = 3EDF55DE207E9F210079BBCF /* Build configuration list for PBXNativeTarget "Project" */;
			buildPhases = (
				3EDF55AF207E9F1A0079BBCF /* Sources */,
				3EDF55B0207E9F1A0079BBCF /* Frameworks */,
				3EDF55B1207E9F1A0079BBCF /* Resources */,
			);
			buildRules = (
			);
			dependencies = (
			);
			name = Project;
			productName = Project;
			productReference = 3EDF55B3207E9F1A0079BBCF /* Project.app */;
			productType = "com.apple.product-type.application";
		};
		3EDF55C9207E9F210079BBCF /* ProjectTests */ = {
			isa = PBXNativeTarget;
			buildConfigurationList = 3EDF55E1207E9F210079BBCF /* Build configuration list for PBXNativeTarget "ProjectTests" */;
			buildPhases = (
				3EDF55C6207E9F210079BBCF /* Sources */,
				3EDF55C7207E9F210079BBCF /* Frameworks */,
				3EDF55C8207E9F210079BBCF /* Resources */,
			);
			buildRules = (
			);
			dependencies = (
				3EDF55CC207E9F210079BBCF /* PBXTargetDependency */,
			);
			name = ProjectTests;
			productName = ProjectTests;
			productReference = 3EDF55CA207E9F210079BBCF /* ProjectTests.xctest */;
			productType = "com.apple.product-type.bundle.unit-test";
		};
		3EDF55D4207E9F210079BBCF /* ProjectUITests */ = {
			isa = PBXNativeTarget;
			buildConfigurationList = 3EDF55E4207E9F210079BBCF /* Build configuration list for PBXNativeTarget "ProjectUITests" */;
			buildPhases = (
				3EDF55D1207E9F210079BBCF /* Sources */,
				3EDF55D2207E9F210079BBCF /* Frameworks */,
				3EDF55D3207E9F210079BBCF /* Resources */,
			);
			buildRules = (
			);
			dependencies = (
				3EDF55D7207E9F210079BBCF /* PBXTargetDependency */,
			);
			name = ProjectUITests;
			productName = ProjectUITests;
			productReference = 3EDF55D5207E9F210079BBCF /* ProjectUITests.xctest */;
			productType = "com.apple.product-type.bundle.ui-testing";
		};
/* End PBXNativeTarget section */

/* Begin PBXProject section */
		3EDF55AB207E9F1A0079BBCF /* Project object */ = {
			isa = PBXProject;
			attributes = {
				LastSwiftUpdateCheck = 0930;
				LastUpgradeCheck = 0930;
				ORGANIZATIONNAME = "Kazi Tasnim";
				TargetAttributes = {
					3EDF55B2207E9F1A0079BBCF = {
						CreatedOnToolsVersion = 9.3;
					};
					3EDF55C9207E9F210079BBCF = {
						CreatedOnToolsVersion = 9.3;
						TestTargetID = 3EDF55B2207E9F1A0079BBCF;
					};
					3EDF55D4207E9F210079BBCF = {
						CreatedOnToolsVersion = 9.3;
						TestTargetID = 3EDF55B2207E9F1A0079BBCF;
					};
				};
			};
			buildConfigurationList = 3EDF55AE207E9F1A0079BBCF /* Build configuration list for PBXProject "Project" */;
			compatibilityVersion = "Xcode 9.3";
			developmentRegion = en;
			hasScannedForEncodings = 0;
			knownRegions = (
				en,
				Base,
			);
			mainGroup = 3EDF55AA207E9F1A0079BBCF;
			productRefGroup = 3EDF55B4207E9F1A0079BBCF /* Products */;
			projectDirPath = "";
			projectRoot = "";
			targets = (
				3EDF55B2207E9F1A0079BBCF /* Project */,
				3EDF55C9207E9F210079BBCF /* ProjectTests */,
				3EDF55D4207E9F210079BBCF /* ProjectUITests */,
			);
		};
/* End PBXProject section */

/* Begin PBXResourcesBuildPhase section */
		3EDF55B1207E9F1A0079BBCF /* Resources */ = {
			isa = PBXResourcesBuildPhase;
			buildActionMask = 2147483647;
			files = (
				3EDF55C4207E9F200079BBCF /* LaunchScreen.storyboard in Resources */,
				3EDF55C1207E9F200079BBCF /* Assets.xcassets in Resources */,
				3EDF55BC207E9F1A0079BBCF /* Main.storyboard in Resources */,
			);
			runOnlyForDeploymentPostprocessing = 0;
		};
		3EDF55C8207E9F210079BBCF /* Resources */ = {
			isa = PBXResourcesBuildPhase;
			buildActionMask = 2147483647;
			files = (
			);
			runOnlyForDeploymentPostprocessing = 0;
		};
		3EDF55D3207E9F210079BBCF /* Resources */ = {
			isa = PBXResourcesBuildPhase;
			buildActionMask = 2147483647;
			files = (
			);
			runOnlyForDeploymentPostprocessing = 0;
		};
/* End PBXResourcesBuildPhase section */

/* Begin PBXSourcesBuildPhase section */
		3EDF55AF207E9F1A0079BBCF /* Sources */ = {
			isa = PBXSourcesBuildPhase;
			buildActionMask = 2147483647;
			files = (
				3EDF55B9207E9F1A0079BBCF /* ViewController.swift in Sources */,
				3EDF55BF207E9F1A0079BBCF /* Project.xcdatamodeld in Sources */,
				3EDF55B7207E9F1A0079BBCF /* AppDelegate.swift in Sources */,
			);
			runOnlyForDeploymentPostprocessing = 0;
		};
		3EDF55C6207E9F210079BBCF /* Sources */ = {
			isa = PBXSourcesBuildPhase;
			buildActionMask = 2147483647;
			files = (
				3EDF55CF207E9F210079BBCF /* ProjectTests.swift in Sources */,
			);
			runOnlyForDeploymentPostprocessing = 0;
		};
		3EDF55D1207E9F210079BBCF /* Sources */ = {
			isa = PBXSourcesBuildPhase;
			buildActionMask = 2147483647;
			files = (
				3EDF55DA207E9F210079BBCF /* ProjectUITests.swift in Sources */,
			);
			runOnlyForDeploymentPostprocessing = 0;
		};
/* End PBXSourcesBuildPhase section */

/* Begin PBXTargetDependency section */
		3EDF55CC207E9F210079BBCF /* PBXTargetDependency */ = {
			isa = PBXTargetDependency;
			target = 3EDF55B2207E9F1A0079BBCF /* Project */;
			targetProxy = 3EDF55CB207E9F210079BBCF /* PBXContainerItemProxy */;
		};
		3EDF55D7207E9F210079BBCF /* PBXTargetDependency */ = {
			isa = PBXTargetDependency;
			target = 3EDF55B2207E9F1A0079BBCF /* Project */;
			targetProxy = 3EDF55D6207E9F210079BBCF /* PBXContainerItemProxy */;
		};
/* End PBXTargetDependency section */

/* Begin PBXVariantGroup section */
		3EDF55BA207E9F1A0079BBCF /* Main.storyboard */ = {
			isa = PBXVariantGroup;
			children = (
				3EDF55BB207E9F1A0079BBCF /* Base */,
			);
			name = Main.storyboard;
			sourceTree = "<group>";
		};
		3EDF55C2207E9F200079BBCF /* LaunchScreen.storyboard */ = {
			isa = PBXVariantGroup;
			children = (
				3EDF55C3207E9F200079BBCF /* Base */,
			);
			name = LaunchScreen.storyboard;
			sourceTree = "<group>";
		};
/* End PBXVariantGroup section */

/* Begin XCBuildConfiguration section */
		3EDF55DC207E9F210079BBCF /* Debug */ = {
			isa = XCBuildConfiguration;
			buildSettings = {
				ALWAYS_SEARCH_USER_PATHS = NO;
				CLANG_ANALYZER_NONNULL = YES;
				CLANG_ANALYZER_NUMBER_OBJECT_CONVERSION = YES_AGGRESSIVE;
				CLANG_CXX_LANGUAGE_STANDARD = "gnu++14";
				CLANG_CXX_LIBRARY = "libc++";
				CLANG_ENABLE_MODULES = YES;
				CLANG_ENABLE_OBJC_ARC = YES;
				CLANG_ENABLE_OBJC_WEAK = YES;
				CLANG_WARN_BLOCK_CAPTURE_AUTORELEASING = YES;
				CLANG_WARN_BOOL_CONVERSION = YES;
				CLANG_WARN_COMMA = YES;
				CLANG_WARN_CONSTANT_CONVERSION = YES;
				CLANG_WARN_DEPRECATED_OBJC_IMPLEMENTATIONS = YES;
				CLANG_WARN_DIRECT_OBJC_ISA_USAGE = YES_ERROR;
				CLANG_WARN_DOCUMENTATION_COMMENTS = YES;
				CLANG_WARN_EMPTY_BODY = YES;
				CLANG_WARN_ENUM_CONVERSION = YES;
				CLANG_WARN_INFINITE_RECURSION = YES;
				CLANG_WARN_INT_CONVERSION = YES;
				CLANG_WARN_NON_LITERAL_NULL_CONVERSION = YES;
				CLANG_WARN_OBJC_IMPLICIT_RETAIN_SELF = YES;
				CLANG_WARN_OBJC_LITERAL_CONVERSION = YES;
				CLANG_WARN_OBJC_ROOT_CLASS = YES_ERROR;
				CLANG_WARN_RANGE_LOOP_ANALYSIS = YES;
				CLANG_WARN_STRICT_PROTOTYPES = YES;
				CLANG_WARN_SUSPICIOUS_MOVE = YES;
				CLANG_WARN_UNGUARDED_AVAILABILITY = YES_AGGRESSIVE;
				CLANG_WARN_UNREACHABLE_CODE = YES;
				CLANG_WARN__DUPLICATE_METHOD_MATCH = YES;
				CODE_SIGN_IDENTITY = "iPhone Developer";
				COPY_PHASE_STRIP = NO;
				DEBUG_INFORMATION_FORMAT = dwarf;
				ENABLE_STRICT_OBJC_MSGSEND = YES;
				ENABLE_TESTABILITY = YES;
				GCC_C_LANGUAGE_STANDARD = gnu11;
				GCC_DYNAMIC_NO_PIC = NO;
				GCC_NO_COMMON_BLOCKS = YES;
				GCC_OPTIMIZATION_LEVEL = 0;
				GCC_PREPROCESSOR_DEFINITIONS = (
					"DEBUG=1",
					"$(inherited)",
				);
				GCC_WARN_64_TO_32_BIT_CONVERSION = YES;
				GCC_WARN_ABOUT_RETURN_TYPE = YES_ERROR;
				GCC_WARN_UNDECLARED_SELECTOR = YES;
				GCC_WARN_UNINITIALIZED_AUTOS = YES_AGGRESSIVE;
				GCC_WARN_UNUSED_FUNCTION = YES;
				GCC_WARN_UNUSED_VARIABLE = YES;
				IPHONEOS_DEPLOYMENT_TARGET = 11.3;
				MTL_ENABLE_DEBUG_INFO = YES;
				ONLY_ACTIVE_ARCH = YES;
				SDKROOT = iphoneos;
				SWIFT_ACTIVE_COMPILATION_CONDITIONS = DEBUG;
				SWIFT_OPTIMIZATION_LEVEL = "-Onone";
			};
			name = Debug;
		};
		3EDF55DD207E9F210079BBCF /* Release */ = {
			isa = XCBuildConfiguration;
			buildSettings = {
				ALWAYS_SEARCH_USER_PATHS = NO;
				CLANG_ANALYZER_NONNULL = YES;
				CLANG_ANALYZER_NUMBER_OBJECT_CONVERSION = YES_AGGRESSIVE;
				CLANG_CXX_LANGUAGE_STANDARD = "gnu++14";
				CLANG_CXX_LIBRARY = "libc++";
				CLANG_ENABLE_MODULES = YES;
				CLANG_ENABLE_OBJC_ARC = YES;
				CLANG_ENABLE_OBJC_WEAK = YES;
				CLANG_WARN_BLOCK_CAPTURE_AUTORELEASING = YES;
				CLANG_WARN_BOOL_CONVERSION = YES;
				CLANG_WARN_COMMA = YES;
				CLANG_WARN_CONSTANT_CONVERSION = YES;
				CLANG_WARN_DEPRECATED_OBJC_IMPLEMENTATIONS = YES;
				CLANG_WARN_DIRECT_OBJC_ISA_USAGE = YES_ERROR;
				CLANG_WARN_DOCUMENTATION_COMMENTS = YES;
				CLANG_WARN_EMPTY_BODY = YES;
				CLANG_WARN_ENUM_CONVERSION = YES;
				CLANG_WARN_INFINITE_RECURSION = YES;
				CLANG_WARN_INT_CONVERSION = YES;
				CLANG_WARN_NON_LITERAL_NULL_CONVERSION = YES;
				CLANG_WARN_OBJC_IMPLICIT_RETAIN_SELF = YES;
				CLANG_WARN_OBJC_LITERAL_CONVERSION = YES;
				CLANG_WARN_OBJC_ROOT_CLASS = YES_ERROR;
				CLANG_WARN_RANGE_LOOP_ANALYSIS = YES;
				CLANG_WARN_STRICT_PROTOTYPES = YES;
				CLANG_WARN_SUSPICIOUS_MOVE = YES;
				CLANG_WARN_UNGUARDED_AVAILABILITY = YES_AGGRESSIVE;
				CLANG_WARN_UNREACHABLE_CODE = YES;
				CLANG_WARN__DUPLICATE_METHOD_MATCH = YES;
				CODE_SIGN_IDENTITY = "iPhone Developer";
				COPY_PHASE_STRIP = NO;
				DEBUG_INFORMATION_FORMAT = "dwarf-with-dsym";
				ENABLE_NS_ASSERTIONS = NO;
				ENABLE_STRICT_OBJC_MSGSEND = YES;
				GCC_C_LANGUAGE_STANDARD = gnu11;
				GCC_NO_COMMON_BLOCKS = YES;
				GCC_WARN_64_TO_32_BIT_CONVERSION = YES;
				GCC_WARN_ABOUT_RETURN_TYPE = YES_ERROR;
				GCC_WARN_UNDECLARED_SELECTOR = YES;
				GCC_WARN_UNINITIALIZED_AUTOS = YES_AGGRESSIVE;
				GCC_WARN_UNUSED_FUNCTION = YES;
				GCC_WARN_UNUSED_VARIABLE = YES;
				IPHONEOS_DEPLOYMENT_TARGET = 11.3;
				MTL_ENABLE_DEBUG_INFO = NO;
				SDKROOT = iphoneos;
				SWIFT_COMPILATION_MODE = wholemodule;
				SWIFT_OPTIMIZATION_LEVEL = "-O";
				VALIDATE_PRODUCT = YES;
			};
			name = Release;
		};
		3EDF55DF207E9F210079BBCF /* Debug */ = {
			isa = XCBuildConfiguration;
			buildSettings = {
				ASSETCATALOG_COMPILER_APPICON_NAME = AppIcon;
				CODE_SIGN_STYLE = Automatic;
				INFOPLIST_FILE = Project/Info.plist;
				LD_RUNPATH_SEARCH_PATHS = (
					"$(inherited)",
					"@executable_path/Frameworks",
				);
				PRODUCT_BUNDLE_IDENTIFIER = KaziTasnim.Project;
				PRODUCT_NAME = "$(TARGET_NAME)";
				SWIFT_VERSION = 4.0;
				TARGETED_DEVICE_FAMILY = "1,2";
			};
			name = Debug;
		};
		3EDF55E0207E9F210079BBCF /* Release */ = {
			isa = XCBuildConfiguration;
			buildSettings = {
				ASSETCATALOG_COMPILER_APPICON_NAME = AppIcon;
				CODE_SIGN_STYLE = Automatic;
				INFOPLIST_FILE = Project/Info.plist;
				LD_RUNPATH_SEARCH_PATHS = (
					"$(inherited)",
					"@executable_path/Frameworks",
				);
				PRODUCT_BUNDLE_IDENTIFIER = KaziTasnim.Project;
				PRODUCT_NAME = "$(TARGET_NAME)";
				SWIFT_VERSION = 4.0;
				TARGETED_DEVICE_FAMILY = "1,2";
			};
			name = Release;
		};
		3EDF55E2207E9F210079BBCF /* Debug */ = {
			isa = XCBuildConfiguration;
			buildSettings = {
				ALWAYS_EMBED_SWIFT_STANDARD_LIBRARIES = YES;
				BUNDLE_LOADER = "$(TEST_HOST)";
				CODE_SIGN_STYLE = Automatic;
				INFOPLIST_FILE = ProjectTests/Info.plist;
				LD_RUNPATH_SEARCH_PATHS = (
					"$(inherited)",
					"@executable_path/Frameworks",
					"@loader_path/Frameworks",
				);
				PRODUCT_BUNDLE_IDENTIFIER = KaziTasnim.ProjectTests;
				PRODUCT_NAME = "$(TARGET_NAME)";
				SWIFT_VERSION = 4.0;
				TARGETED_DEVICE_FAMILY = "1,2";
				TEST_HOST = "$(BUILT_PRODUCTS_DIR)/Project.app/Project";
			};
			name = Debug;
		};
		3EDF55E3207E9F210079BBCF /* Release */ = {
			isa = XCBuildConfiguration;
			buildSettings = {
				ALWAYS_EMBED_SWIFT_STANDARD_LIBRARIES = YES;
				BUNDLE_LOADER = "$(TEST_HOST)";
				CODE_SIGN_STYLE = Automatic;
				INFOPLIST_FILE = ProjectTests/Info.plist;
				LD_RUNPATH_SEARCH_PATHS = (
					"$(inherited)",
					"@executable_path/Frameworks",
					"@loader_path/Frameworks",
				);
				PRODUCT_BUNDLE_IDENTIFIER = KaziTasnim.ProjectTests;
				PRODUCT_NAME = "$(TARGET_NAME)";
				SWIFT_VERSION = 4.0;
				TARGETED_DEVICE_FAMILY = "1,2";
				TEST_HOST = "$(BUILT_PRODUCTS_DIR)/Project.app/Project";
			};
			name = Release;
		};
		3EDF55E5207E9F210079BBCF /* Debug */ = {
			isa = XCBuildConfiguration;
			buildSettings = {
				ALWAYS_EMBED_SWIFT_STANDARD_LIBRARIES = YES;
				CODE_SIGN_STYLE = Automatic;
				INFOPLIST_FILE = ProjectUITests/Info.plist;
				LD_RUNPATH_SEARCH_PATHS = (
					"$(inherited)",
					"@executable_path/Frameworks",
					"@loader_path/Frameworks",
				);
				PRODUCT_BUNDLE_IDENTIFIER = KaziTasnim.ProjectUITests;
				PRODUCT_NAME = "$(TARGET_NAME)";
				SWIFT_VERSION = 4.0;
				TARGETED_DEVICE_FAMILY = "1,2";
				TEST_TARGET_NAME = Project;
			};
			name = Debug;
		};
		3EDF55E6207E9F210079BBCF /* Release */ = {
			isa = XCBuildConfiguration;
			buildSettings = {
				ALWAYS_EMBED_SWIFT_STANDARD_LIBRARIES = YES;
				CODE_SIGN_STYLE = Automatic;
				INFOPLIST_FILE = ProjectUITests/Info.plist;
				LD_RUNPATH_SEARCH_PATHS = (
					"$(inherited)",
					"@executable_path/Frameworks",
					"@loader_path/Frameworks",
				);
				PRODUCT_BUNDLE_IDENTIFIER = KaziTasnim.ProjectUITests;
				PRODUCT_NAME = "$(TARGET_NAME)";
				SWIFT_VERSION = 4.0;
				TARGETED_DEVICE_FAMILY = "1,2";
				TEST_TARGET_NAME = Project;
			};
			name = Release;
		};
/* End XCBuildConfiguration section */

/* Begin XCConfigurationList section */
		3EDF55AE207E9F1A0079BBCF /* Build configuration list for PBXProject "Project" */ = {
			isa = XCConfigurationList;
			buildConfigurations = (
				3EDF55DC207E9F210079BBCF /* Debug */,
				3EDF55DD207E9F210079BBCF /* Release */,
			);
			defaultConfigurationIsVisible = 0;
			defaultConfigurationName = Release;
		};
		3EDF55DE207E9F210079BBCF /* Build configuration list for PBXNativeTarget "Project" */ = {
			isa = XCConfigurationList;
			buildConfigurations = (
				3EDF55DF207E9F210079BBCF /* Debug */,
				3EDF55E0207E9F210079BBCF /* Release */,
			);
			defaultConfigurationIsVisible = 0;
			defaultConfigurationName = Release;
		};
		3EDF55E1207E9F210079BBCF /* Build configuration list for PBXNativeTarget "ProjectTests" */ = {
			isa = XCConfigurationList;
			buildConfigurations = (
				3EDF55E2207E9F210079BBCF /* Debug */,
				3EDF55E3207E9F210079BBCF /* Release */,
			);
			defaultConfigurationIsVisible = 0;
			defaultConfigurationName = Release;
		};
		3EDF55E4207E9F210079BBCF /* Build configuration list for PBXNativeTarget "ProjectUITests" */ = {
			isa = XCConfigurationList;
			buildConfigurations = (
				3EDF55E5207E9F210079BBCF /* Debug */,
				3EDF55E6207E9F210079BBCF /* Release */,
			);
			defaultConfigurationIsVisible = 0;
			defaultConfigurationName = Release;
		};
/* End XCConfigurationList section */

/* Begin XCVersionGroup section */
		3EDF55BD207E9F1A0079BBCF /* Project.xcdatamodeld */ = {
			isa = XCVersionGroup;
			children = (
				3EDF55BE207E9F1A0079BBCF /* Project.xcdatamodel */,
			);
			currentVersion = 3EDF55BE207E9F1A0079BBCF /* Project.xcdatamodel */;
			path = Project.xcdatamodeld;
			sourceTree = "<group>";
			versionGroupType = wrapper.xcdatamodel;
		};
/* End XCVersionGroup section */
	};
	rootObject = 3EDF55AB207E9F1A0079BBCF /* Project object */;
}
